
Microsoft Visual Studio Solution File, Format Version 12.00
# Visual Studio Version 17
VisualStudioVersion = 17.0.32014.148
MinimumVisualStudioVersion = 10.0.40219.1
Project("{9A19103F-16F7-4668-BE54-9A1E7A4F7556}") = "ChatClient", "ChatApp\ChatClient.csproj", "{A4FE3F00-DD4E-428D-9445-C2023AF10071}"
EndProject
Project("{9A19103F-16F7-4668-BE54-9A1E7A4F7556}") = "ChatServer", "ChatServer\ChatServer.csproj", "{D16FA878-9F2B-4FA9-832C-C932D217BBDB}"
EndProject
Global
	GlobalSection(SolutionConfigurationPlatforms) = preSolution
		Debug|Any CPU = Debug|Any CPU
		Release|Any CPU = Release|Any CPU
	EndGlobalSection
	GlobalSection(ProjectConfigurationPlatforms) = postSolution
		{A4FE3F00-DD4E-428D-9445-C2023AF10071}.Debug|Any CPU.ActiveCfg = Debug|Any CPU
		{A4FE3F00-DD4E-428D-9445-C2023AF10071}.Debug|Any CPU.Build.0 = Debug|Any CPU
		{A4FE3F00-DD4E-428D-9445-C2023AF10071}.Release|Any CPU.ActiveCfg = Release|Any CPU
		{A4FE3F00-DD4E-428D-9445-C2023AF10071}.Release|Any CPU.Build.0 = Release|Any CPU
		{D16FA878-9F2B-4FA9-832C-C932D217BBDB}.Debug|Any CPU.ActiveCfg = Debug|Any CPU
		{D16FA878-9F2B-4FA9-832C-C932D217BBDB}.Debug|Any CPU.Build.0 = Debug|Any CPU
		{D16FA878-9F2B-4FA9-832C-C932D217BBDB}.Release|Any CPU.ActiveCfg = Release|Any CPU
		{D16FA878-9F2B-4FA9-832C-C932D217BBDB}.Release|Any CPU.Build.0 = Release|Any CPU
	EndGlobalSection
	GlobalSection(SolutionProperties) = preSolution
		HideSolutionNode = FALSE
	EndGlobalSection
	GlobalSection(ExtensibilityGlobals) = postSolution
		SolutionGuid = {5BF38457-D55E-4EF4-A39B-82EBEE9A1FA8}
	EndGlobalSection
EndGlobal
